
Microsoft Visual Studio Solution File, Format Version 12.00
# Visual Studio Version 17
VisualStudioVersion = 17.14.36127.28 d17.14
MinimumVisualStudioVersion = 10.0.40219.1
Project("{FAE04EC0-301F-11D3-BF4B-00C04F79EFBC}") = "DoAnWebBanDoHo", "DoAnWebBanDoHo\DoAnWebBanDoHo.csproj", "{AA237455-EC10-4CFC-A1CC-B1BF9A8CD6FD}"
EndProject
Global
	GlobalSection(SolutionConfigurationPlatforms) = preSolution
		Debug|Any CPU = Debug|Any CPU
		Release|Any CPU = Release|Any CPU
	EndGlobalSection
	GlobalSection(ProjectConfigurationPlatforms) = postSolution
		{AA237455-EC10-4CFC-A1CC-B1BF9A8CD6FD}.Debug|Any CPU.ActiveCfg = Debug|Any CPU
		{AA237455-EC10-4CFC-A1CC-B1BF9A8CD6FD}.Debug|Any CPU.Build.0 = Debug|Any CPU
		{AA237455-EC10-4CFC-A1CC-B1BF9A8CD6FD}.Release|Any CPU.ActiveCfg = Release|Any CPU
		{AA237455-EC10-4CFC-A1CC-B1BF9A8CD6FD}.Release|Any CPU.Build.0 = Release|Any CPU
	EndGlobalSection
	GlobalSection(SolutionProperties) = preSolution
		HideSolutionNode = FALSE
	EndGlobalSection
	GlobalSection(ExtensibilityGlobals) = postSolution
		SolutionGuid = {C09D4DD1-3C0D-4C70-B035-646C136E52AA}
	EndGlobalSection
EndGlobal
